{
  "version": 1,
  "dependencies": {
    "net7.0": {
      "MediatR": {
        "type": "Direct",
        "requested": "[11.0.0, )",
        "resolved": "11.0.0",
        "contentHash": "8klzVGZQiA2oxZRzQFBZbdPD/IQUm9RYtfiyTDKhxDQ99Gi93+GXt1ZJjH2D7Lh7ZFHCv5XdkwbmfHEQBCatPg==",
        "dependencies": {
          "MediatR.Contracts": "1.0.1"
        }
      },
      "MediatR.Contracts": {
        "type": "Transitive",
        "resolved": "1.0.1",
        "contentHash": "NsRvOxthhkYml4DcBMyJsmym8C4MchioH7wxKVPEg7plFj9Euh/i4IcmZ3Gvgx6+K8obeuhPeJdoBl56wnuo3A=="
      }
    }
  }
}